// !$*UTF8*$!
{
	archiveVersion = 1;
	classes = {
	};
	objectVersion = 50;
	objects = {

/* Begin PBXBuildFile section */
		C1D4C50A2482B2830096E3C8 /* AppDelegate.swift in Sources */ = {isa = PBXBuildFile; fileRef = C1D4C5092482B2830096E3C8 /* AppDelegate.swift */; };
		C1D4C50C2482B2830096E3C8 /* art.scnassets in Resources */ = {isa = PBXBuildFile; fileRef = C1D4C50B2482B2830096E3C8 /* art.scnassets */; };
		C1D4C5112482B2830096E3C8 /* Main.storyboard in Resources */ = {isa = PBXBuildFile; fileRef = C1D4C50F2482B2830096E3C8 /* Main.storyboard */; };
		C1D4C5132482B2840096E3C8 /* Assets.xcassets in Resources */ = {isa = PBXBuildFile; fileRef = C1D4C5122482B2840096E3C8 /* Assets.xcassets */; };
		C1D4C5162482B2840096E3C8 /* LaunchScreen.storyboard in Resources */ = {isa = PBXBuildFile; fileRef = C1D4C5142482B2840096E3C8 /* LaunchScreen.storyboard */; };
		C1D4C5222482B2E10096E3C8 /* MainVC.swift in Sources */ = {isa = PBXBuildFile; fileRef = C1D4C5212482B2E10096E3C8 /* MainVC.swift */; };
		C1D4C5252482B42B0096E3C8 /* Constants.swift in Sources */ = {isa = PBXBuildFile; fileRef = C1D4C5242482B42B0096E3C8 /* Constants.swift */; };
		C1D4C5272482B4C60096E3C8 /* Route.swift in Sources */ = {isa = PBXBuildFile; fileRef = C1D4C5262482B4C60096E3C8 /* Route.swift */; };
		C1D4C5292482B78D0096E3C8 /* BasicsVC.swift in Sources */ = {isa = PBXBuildFile; fileRef = C1D4C5282482B78D0096E3C8 /* BasicsVC.swift */; };
		C1D4C52B2482BB930096E3C8 /* VirtualTextVC.swift in Sources */ = {isa = PBXBuildFile; fileRef = C1D4C52A2482BB930096E3C8 /* VirtualTextVC.swift */; };
		C1D4C52D2482BECF0096E3C8 /* MultipleVC.swift in Sources */ = {isa = PBXBuildFile; fileRef = C1D4C52C2482BECF0096E3C8 /* MultipleVC.swift */; };
		C1ED16022482C0DC0092A7BD /* wood.jpeg in Resources */ = {isa = PBXBuildFile; fileRef = C1ED16012482C0DC0092A7BD /* wood.jpeg */; };
		C1ED16042482C0E30092A7BD /* earth.jpg in Resources */ = {isa = PBXBuildFile; fileRef = C1ED16032482C0E30092A7BD /* earth.jpg */; };
		C1ED16062482C2B90092A7BD /* Extensions.swift in Sources */ = {isa = PBXBuildFile; fileRef = C1ED16052482C2B90092A7BD /* Extensions.swift */; };
		C1ED160A2482C6CA0092A7BD /* PlanesVC.swift in Sources */ = {isa = PBXBuildFile; fileRef = C1ED16092482C6CA0092A7BD /* PlanesVC.swift */; };
/* End PBXBuildFile section */

/* Begin PBXFileReference section */
		C1D4C5062482B2830096E3C8 /* ARProjects.app */ = {isa = PBXFileReference; explicitFileType = wrapper.application; includeInIndex = 0; path = ARProjects.app; sourceTree = BUILT_PRODUCTS_DIR; };
		C1D4C5092482B2830096E3C8 /* AppDelegate.swift */ = {isa = PBXFileReference; lastKnownFileType = sourcecode.swift; path = AppDelegate.swift; sourceTree = "<group>"; };
		C1D4C50B2482B2830096E3C8 /* art.scnassets */ = {isa = PBXFileReference; lastKnownFileType = wrapper.scnassets; path = art.scnassets; sourceTree = "<group>"; };
		C1D4C5102482B2830096E3C8 /* Base */ = {isa = PBXFileReference; lastKnownFileType = file.storyboard; name = Base; path = Base.lproj/Main.storyboard; sourceTree = "<group>"; };
		C1D4C5122482B2840096E3C8 /* Assets.xcassets */ = {isa = PBXFileReference; lastKnownFileType = folder.assetcatalog; path = Assets.xcassets; sourceTree = "<group>"; };
		C1D4C5152482B2840096E3C8 /* Base */ = {isa = PBXFileReference; lastKnownFileType = file.storyboard; name = Base; path = Base.lproj/LaunchScreen.storyboard; sourceTree = "<group>"; };
		C1D4C5172482B2840096E3C8 /* Info.plist */ = {isa = PBXFileReference; lastKnownFileType = text.plist.xml; path = Info.plist; sourceTree = "<group>"; };
		C1D4C5212482B2E10096E3C8 /* MainVC.swift */ = {isa = PBXFileReference; lastKnownFileType = sourcecode.swift; path = MainVC.swift; sourceTree = "<group>"; };
		C1D4C5242482B42B0096E3C8 /* Constants.swift */ = {isa = PBXFileReference; lastKnownFileType = sourcecode.swift; path = Constants.swift; sourceTree = "<group>"; };
		C1D4C5262482B4C60096E3C8 /* Route.swift */ = {isa = PBXFileReference; lastKnownFileType = sourcecode.swift; path = Route.swift; sourceTree = "<group>"; };
		C1D4C5282482B78D0096E3C8 /* BasicsVC.swift */ = {isa = PBXFileReference; lastKnownFileType = sourcecode.swift; path = BasicsVC.swift; sourceTree = "<group>"; };
		C1D4C52A2482BB930096E3C8 /* VirtualTextVC.swift */ = {isa = PBXFileReference; lastKnownFileType = sourcecode.swift; path = VirtualTextVC.swift; sourceTree = "<group>"; };
		C1D4C52C2482BECF0096E3C8 /* MultipleVC.swift */ = {isa = PBXFileReference; lastKnownFileType = sourcecode.swift; path = MultipleVC.swift; sourceTree = "<group>"; };
		C1ED16012482C0DC0092A7BD /* wood.jpeg */ = {isa = PBXFileReference; lastKnownFileType = image.jpeg; path = wood.jpeg; sourceTree = "<group>"; };
		C1ED16032482C0E30092A7BD /* earth.jpg */ = {isa = PBXFileReference; lastKnownFileType = image.jpeg; path = earth.jpg; sourceTree = "<group>"; };
		C1ED16052482C2B90092A7BD /* Extensions.swift */ = {isa = PBXFileReference; lastKnownFileType = sourcecode.swift; path = Extensions.swift; sourceTree = "<group>"; };
		C1ED16092482C6CA0092A7BD /* PlanesVC.swift */ = {isa = PBXFileReference; lastKnownFileType = sourcecode.swift; path = PlanesVC.swift; sourceTree = "<group>"; };
/* End PBXFileReference section */

/* Begin PBXFrameworksBuildPhase section */
		C1D4C5032482B2830096E3C8 /* Frameworks */ = {
			isa = PBXFrameworksBuildPhase;
			buildActionMask = 2147483647;
			files = (
			);
			runOnlyForDeploymentPostprocessing = 0;
		};
/* End PBXFrameworksBuildPhase section */

/* Begin PBXGroup section */
		C1D4C4FD2482B2830096E3C8 = {
			isa = PBXGroup;
			children = (
				C1D4C5082482B2830096E3C8 /* ARProjects */,
				C1D4C5072482B2830096E3C8 /* Products */,
			);
			sourceTree = "<group>";
		};
		C1D4C5072482B2830096E3C8 /* Products */ = {
			isa = PBXGroup;
			children = (
				C1D4C5062482B2830096E3C8 /* ARProjects.app */,
			);
			name = Products;
			sourceTree = "<group>";
		};
		C1D4C5082482B2830096E3C8 /* ARProjects */ = {
			isa = PBXGroup;
			children = (
				C1D4C51D2482B2990096E3C8 /* Model */,
				C1D4C51F2482B2A60096E3C8 /* View */,
				C1D4C51E2482B2A00096E3C8 /* Controller */,
				C1ED15FF2482C0B00092A7BD /* Resources */,
				C1D4C5232482B41A0096E3C8 /* Utilities */,
				C1D4C5202482B2AE0096E3C8 /* Support Files */,
				C1D4C50B2482B2830096E3C8 /* art.scnassets */,
				C1D4C50F2482B2830096E3C8 /* Main.storyboard */,
				C1D4C5122482B2840096E3C8 /* Assets.xcassets */,
				C1D4C5142482B2840096E3C8 /* LaunchScreen.storyboard */,
				C1D4C5172482B2840096E3C8 /* Info.plist */,
			);
			path = ARProjects;
			sourceTree = "<group>";
		};
		C1D4C51D2482B2990096E3C8 /* Model */ = {
			isa = PBXGroup;
			children = (
				C1D4C5262482B4C60096E3C8 /* Route.swift */,
			);
			path = Model;
			sourceTree = "<group>";
		};
		C1D4C51E2482B2A00096E3C8 /* Controller */ = {
			isa = PBXGroup;
			children = (
				C1D4C5212482B2E10096E3C8 /* MainVC.swift */,
				C1D4C5282482B78D0096E3C8 /* BasicsVC.swift */,
				C1D4C52A2482BB930096E3C8 /* VirtualTextVC.swift */,
				C1D4C52C2482BECF0096E3C8 /* MultipleVC.swift */,
				C1ED16092482C6CA0092A7BD /* PlanesVC.swift */,
			);
			path = Controller;
			sourceTree = "<group>";
		};
		C1D4C51F2482B2A60096E3C8 /* View */ = {
			isa = PBXGroup;
			children = (
			);
			path = View;
			sourceTree = "<group>";
		};
		C1D4C5202482B2AE0096E3C8 /* Support Files */ = {
			isa = PBXGroup;
			children = (
				C1D4C5092482B2830096E3C8 /* AppDelegate.swift */,
			);
			path = "Support Files";
			sourceTree = "<group>";
		};
		C1D4C5232482B41A0096E3C8 /* Utilities */ = {
			isa = PBXGroup;
			children = (
				C1D4C5242482B42B0096E3C8 /* Constants.swift */,
				C1ED16052482C2B90092A7BD /* Extensions.swift */,
			);
			path = Utilities;
			sourceTree = "<group>";
		};
		C1ED15FF2482C0B00092A7BD /* Resources */ = {
			isa = PBXGroup;
			children = (
				C1ED16002482C0BC0092A7BD /* Images */,
			);
			path = Resources;
			sourceTree = "<group>";
		};
		C1ED16002482C0BC0092A7BD /* Images */ = {
			isa = PBXGroup;
			children = (
				C1ED16032482C0E30092A7BD /* earth.jpg */,
				C1ED16012482C0DC0092A7BD /* wood.jpeg */,
			);
			path = Images;
			sourceTree = "<group>";
		};
/* End PBXGroup section */

/* Begin PBXNativeTarget section */
		C1D4C5052482B2830096E3C8 /* ARProjects */ = {
			isa = PBXNativeTarget;
			buildConfigurationList = C1D4C51A2482B2840096E3C8 /* Build configuration list for PBXNativeTarget "ARProjects" */;
			buildPhases = (
				C1D4C5022482B2830096E3C8 /* Sources */,
				C1D4C5032482B2830096E3C8 /* Frameworks */,
				C1D4C5042482B2830096E3C8 /* Resources */,
			);
			buildRules = (
			);
			dependencies = (
			);
			name = ARProjects;
			productName = ARProjects;
			productReference = C1D4C5062482B2830096E3C8 /* ARProjects.app */;
			productType = "com.apple.product-type.application";
		};
/* End PBXNativeTarget section */

/* Begin PBXProject section */
		C1D4C4FE2482B2830096E3C8 /* Project object */ = {
			isa = PBXProject;
			attributes = {
				LastSwiftUpdateCheck = 1140;
				LastUpgradeCheck = 1140;
				ORGANIZATIONNAME = "Petr Brantalík";
				TargetAttributes = {
					C1D4C5052482B2830096E3C8 = {
						CreatedOnToolsVersion = 11.4.1;
					};
				};
			};
			buildConfigurationList = C1D4C5012482B2830096E3C8 /* Build configuration list for PBXProject "ARProjects" */;
			compatibilityVersion = "Xcode 9.3";
			developmentRegion = en;
			hasScannedForEncodings = 0;
			knownRegions = (
				en,
				Base,
			);
			mainGroup = C1D4C4FD2482B2830096E3C8;
			productRefGroup = C1D4C5072482B2830096E3C8 /* Products */;
			projectDirPath = "";
			projectRoot = "";
			targets = (
				C1D4C5052482B2830096E3C8 /* ARProjects */,
			);
		};
/* End PBXProject section */

/* Begin PBXResourcesBuildPhase section */
		C1D4C5042482B2830096E3C8 /* Resources */ = {
			isa = PBXResourcesBuildPhase;
			buildActionMask = 2147483647;
			files = (
				C1ED16022482C0DC0092A7BD /* wood.jpeg in Resources */,
				C1D4C50C2482B2830096E3C8 /* art.scnassets in Resources */,
				C1ED16042482C0E30092A7BD /* earth.jpg in Resources */,
				C1D4C5162482B2840096E3C8 /* LaunchScreen.storyboard in Resources */,
				C1D4C5132482B2840096E3C8 /* Assets.xcassets in Resources */,
				C1D4C5112482B2830096E3C8 /* Main.storyboard in Resources */,
			);
			runOnlyForDeploymentPostprocessing = 0;
		};
/* End PBXResourcesBuildPhase section */

/* Begin PBXSourcesBuildPhase section */
		C1D4C5022482B2830096E3C8 /* Sources */ = {
			isa = PBXSourcesBuildPhase;
			buildActionMask = 2147483647;
			files = (
				C1D4C5222482B2E10096E3C8 /* MainVC.swift in Sources */,
				C1D4C50A2482B2830096E3C8 /* AppDelegate.swift in Sources */,
				C1D4C5272482B4C60096E3C8 /* Route.swift in Sources */,
				C1ED16062482C2B90092A7BD /* Extensions.swift in Sources */,
				C1D4C52D2482BECF0096E3C8 /* MultipleVC.swift in Sources */,
				C1D4C52B2482BB930096E3C8 /* VirtualTextVC.swift in Sources */,
				C1D4C5252482B42B0096E3C8 /* Constants.swift in Sources */,
				C1ED160A2482C6CA0092A7BD /* PlanesVC.swift in Sources */,
				C1D4C5292482B78D0096E3C8 /* BasicsVC.swift in Sources */,
			);
			runOnlyForDeploymentPostprocessing = 0;
		};
/* End PBXSourcesBuildPhase section */

/* Begin PBXVariantGroup section */
		C1D4C50F2482B2830096E3C8 /* Main.storyboard */ = {
			isa = PBXVariantGroup;
			children = (
				C1D4C5102482B2830096E3C8 /* Base */,
			);
			name = Main.storyboard;
			sourceTree = "<group>";
		};
		C1D4C5142482B2840096E3C8 /* LaunchScreen.storyboard */ = {
			isa = PBXVariantGroup;
			children = (
				C1D4C5152482B2840096E3C8 /* Base */,
			);
			name = LaunchScreen.storyboard;
			sourceTree = "<group>";
		};
/* End PBXVariantGroup section */

/* Begin XCBuildConfiguration section */
		C1D4C5182482B2840096E3C8 /* Debug */ = {
			isa = XCBuildConfiguration;
			buildSettings = {
				ALWAYS_SEARCH_USER_PATHS = NO;
				CLANG_ANALYZER_NONNULL = YES;
				CLANG_ANALYZER_NUMBER_OBJECT_CONVERSION = YES_AGGRESSIVE;
				CLANG_CXX_LANGUAGE_STANDARD = "gnu++14";
				CLANG_CXX_LIBRARY = "libc++";
				CLANG_ENABLE_MODULES = YES;
				CLANG_ENABLE_OBJC_ARC = YES;
				CLANG_ENABLE_OBJC_WEAK = YES;
				CLANG_WARN_BLOCK_CAPTURE_AUTORELEASING = YES;
				CLANG_WARN_BOOL_CONVERSION = YES;
				CLANG_WARN_COMMA = YES;
				CLANG_WARN_CONSTANT_CONVERSION = YES;
				CLANG_WARN_DEPRECATED_OBJC_IMPLEMENTATIONS = YES;
				CLANG_WARN_DIRECT_OBJC_ISA_USAGE = YES_ERROR;
				CLANG_WARN_DOCUMENTATION_COMMENTS = YES;
				CLANG_WARN_EMPTY_BODY = YES;
				CLANG_WARN_ENUM_CONVERSION = YES;
				CLANG_WARN_INFINITE_RECURSION = YES;
				CLANG_WARN_INT_CONVERSION = YES;
				CLANG_WARN_NON_LITERAL_NULL_CONVERSION = YES;
				CLANG_WARN_OBJC_IMPLICIT_RETAIN_SELF = YES;
				CLANG_WARN_OBJC_LITERAL_CONVERSION = YES;
				CLANG_WARN_OBJC_ROOT_CLASS = YES_ERROR;
				CLANG_WARN_RANGE_LOOP_ANALYSIS = YES;
				CLANG_WARN_STRICT_PROTOTYPES = YES;
				CLANG_WARN_SUSPICIOUS_MOVE = YES;
				CLANG_WARN_UNGUARDED_AVAILABILITY = YES_AGGRESSIVE;
				CLANG_WARN_UNREACHABLE_CODE = YES;
				CLANG_WARN__DUPLICATE_METHOD_MATCH = YES;
				COPY_PHASE_STRIP = NO;
				DEBUG_INFORMATION_FORMAT = dwarf;
				ENABLE_STRICT_OBJC_MSGSEND = YES;
				ENABLE_TESTABILITY = YES;
				GCC_C_LANGUAGE_STANDARD = gnu11;
				GCC_DYNAMIC_NO_PIC = NO;
				GCC_NO_COMMON_BLOCKS = YES;
				GCC_OPTIMIZATION_LEVEL = 0;
				GCC_PREPROCESSOR_DEFINITIONS = (
					"DEBUG=1",
					"$(inherited)",
				);
				GCC_WARN_64_TO_32_BIT_CONVERSION = YES;
				GCC_WARN_ABOUT_RETURN_TYPE = YES_ERROR;
				GCC_WARN_UNDECLARED_SELECTOR = YES;
				GCC_WARN_UNINITIALIZED_AUTOS = YES_AGGRESSIVE;
				GCC_WARN_UNUSED_FUNCTION = YES;
				GCC_WARN_UNUSED_VARIABLE = YES;
				IPHONEOS_DEPLOYMENT_TARGET = 13.4;
				MTL_ENABLE_DEBUG_INFO = INCLUDE_SOURCE;
				MTL_FAST_MATH = YES;
				ONLY_ACTIVE_ARCH = YES;
				SDKROOT = iphoneos;
				SWIFT_ACTIVE_COMPILATION_CONDITIONS = DEBUG;
				SWIFT_OPTIMIZATION_LEVEL = "-Onone";
			};
			name = Debug;
		};
		C1D4C5192482B2840096E3C8 /* Release */ = {
			isa = XCBuildConfiguration;
			buildSettings = {
				ALWAYS_SEARCH_USER_PATHS = NO;
				CLANG_ANALYZER_NONNULL = YES;
				CLANG_ANALYZER_NUMBER_OBJECT_CONVERSION = YES_AGGRESSIVE;
				CLANG_CXX_LANGUAGE_STANDARD = "gnu++14";
				CLANG_CXX_LIBRARY = "libc++";
				CLANG_ENABLE_MODULES = YES;
				CLANG_ENABLE_OBJC_ARC = YES;
				CLANG_ENABLE_OBJC_WEAK = YES;
				CLANG_WARN_BLOCK_CAPTURE_AUTORELEASING = YES;
				CLANG_WARN_BOOL_CONVERSION = YES;
				CLANG_WARN_COMMA = YES;
				CLANG_WARN_CONSTANT_CONVERSION = YES;
				CLANG_WARN_DEPRECATED_OBJC_IMPLEMENTATIONS = YES;
				CLANG_WARN_DIRECT_OBJC_ISA_USAGE = YES_ERROR;
				CLANG_WARN_DOCUMENTATION_COMMENTS = YES;
				CLANG_WARN_EMPTY_BODY = YES;
				CLANG_WARN_ENUM_CONVERSION = YES;
				CLANG_WARN_INFINITE_RECURSION = YES;
				CLANG_WARN_INT_CONVERSION = YES;
				CLANG_WARN_NON_LITERAL_NULL_CONVERSION = YES;
				CLANG_WARN_OBJC_IMPLICIT_RETAIN_SELF = YES;
				CLANG_WARN_OBJC_LITERAL_CONVERSION = YES;
				CLANG_WARN_OBJC_ROOT_CLASS = YES_ERROR;
				CLANG_WARN_RANGE_LOOP_ANALYSIS = YES;
				CLANG_WARN_STRICT_PROTOTYPES = YES;
				CLANG_WARN_SUSPICIOUS_MOVE = YES;
				CLANG_WARN_UNGUARDED_AVAILABILITY = YES_AGGRESSIVE;
				CLANG_WARN_UNREACHABLE_CODE = YES;
				CLANG_WARN__DUPLICATE_METHOD_MATCH = YES;
				COPY_PHASE_STRIP = NO;
				DEBUG_INFORMATION_FORMAT = "dwarf-with-dsym";
				ENABLE_NS_ASSERTIONS = NO;
				ENABLE_STRICT_OBJC_MSGSEND = YES;
				GCC_C_LANGUAGE_STANDARD = gnu11;
				GCC_NO_COMMON_BLOCKS = YES;
				GCC_WARN_64_TO_32_BIT_CONVERSION = YES;
				GCC_WARN_ABOUT_RETURN_TYPE = YES_ERROR;
				GCC_WARN_UNDECLARED_SELECTOR = YES;
				GCC_WARN_UNINITIALIZED_AUTOS = YES_AGGRESSIVE;
				GCC_WARN_UNUSED_FUNCTION = YES;
				GCC_WARN_UNUSED_VARIABLE = YES;
				IPHONEOS_DEPLOYMENT_TARGET = 13.4;
				MTL_ENABLE_DEBUG_INFO = NO;
				MTL_FAST_MATH = YES;
				SDKROOT = iphoneos;
				SWIFT_COMPILATION_MODE = wholemodule;
				SWIFT_OPTIMIZATION_LEVEL = "-O";
				VALIDATE_PRODUCT = YES;
			};
			name = Release;
		};
		C1D4C51B2482B2840096E3C8 /* Debug */ = {
			isa = XCBuildConfiguration;
			buildSettings = {
				ASSETCATALOG_COMPILER_APPICON_NAME = AppIcon;
				CODE_SIGN_STYLE = Automatic;
				DEVELOPMENT_TEAM = SU4DPD6MQ3;
				INFOPLIST_FILE = ARProjects/Info.plist;
				LD_RUNPATH_SEARCH_PATHS = (
					"$(inherited)",
					"@executable_path/Frameworks",
				);
				PRODUCT_BUNDLE_IDENTIFIER = cz.dreamhouse.demo.ARProjects;
				PRODUCT_NAME = "$(TARGET_NAME)";
				SWIFT_VERSION = 5.0;
				TARGETED_DEVICE_FAMILY = "1,2";
			};
			name = Debug;
		};
		C1D4C51C2482B2840096E3C8 /* Release */ = {
			isa = XCBuildConfiguration;
			buildSettings = {
				ASSETCATALOG_COMPILER_APPICON_NAME = AppIcon;
				CODE_SIGN_STYLE = Automatic;
				DEVELOPMENT_TEAM = SU4DPD6MQ3;
				INFOPLIST_FILE = ARProjects/Info.plist;
				LD_RUNPATH_SEARCH_PATHS = (
					"$(inherited)",
					"@executable_path/Frameworks",
				);
				PRODUCT_BUNDLE_IDENTIFIER = cz.dreamhouse.demo.ARProjects;
				PRODUCT_NAME = "$(TARGET_NAME)";
				SWIFT_VERSION = 5.0;
				TARGETED_DEVICE_FAMILY = "1,2";
			};
			name = Release;
		};
/* End XCBuildConfiguration section */

/* Begin XCConfigurationList section */
		C1D4C5012482B2830096E3C8 /* Build configuration list for PBXProject "ARProjects" */ = {
			isa = XCConfigurationList;
			buildConfigurations = (
				C1D4C5182482B2840096E3C8 /* Debug */,
				C1D4C5192482B2840096E3C8 /* Release */,
			);
			defaultConfigurationIsVisible = 0;
			defaultConfigurationName = Release;
		};
		C1D4C51A2482B2840096E3C8 /* Build configuration list for PBXNativeTarget "ARProjects" */ = {
			isa = XCConfigurationList;
			buildConfigurations = (
				C1D4C51B2482B2840096E3C8 /* Debug */,
				C1D4C51C2482B2840096E3C8 /* Release */,
			);
			defaultConfigurationIsVisible = 0;
			defaultConfigurationName = Release;
		};
/* End XCConfigurationList section */
	};
	rootObject = C1D4C4FE2482B2830096E3C8 /* Project object */;
}
